
Microsoft Visual Studio Solution File, Format Version 12.00
# Visual Studio Version 17
VisualStudioVersion = 17.0.31912.275
MinimumVisualStudioVersion = 10.0.40219.1
Project("{FAE04EC0-301F-11D3-BF4B-00C04F79EFBC}") = "MVC_GerenciadorDeConteudo", "MVC_GerenciadorDeConteudo\MVC_GerenciadorDeConteudo.csproj", "{6BA91A72-3109-4561-94BD-095554CC2E50}"
EndProject
Project("{FAE04EC0-301F-11D3-BF4B-00C04F79EFBC}") = "Database", "Database\Database.csproj", "{794D40E1-DEF6-4835-A510-4D6A3171C896}"
EndProject
Project("{FAE04EC0-301F-11D3-BF4B-00C04F79EFBC}") = "Business", "Business\Business.csproj", "{4BF429F5-0AC9-401F-9EE7-71D94E39E549}"
EndProject
Global
	GlobalSection(SolutionConfigurationPlatforms) = preSolution
		Debug|Any CPU = Debug|Any CPU
		Release|Any CPU = Release|Any CPU
	EndGlobalSection
	GlobalSection(ProjectConfigurationPlatforms) = postSolution
		{6BA91A72-3109-4561-94BD-095554CC2E50}.Debug|Any CPU.ActiveCfg = Debug|Any CPU
		{6BA91A72-3109-4561-94BD-095554CC2E50}.Debug|Any CPU.Build.0 = Debug|Any CPU
		{6BA91A72-3109-4561-94BD-095554CC2E50}.Release|Any CPU.ActiveCfg = Release|Any CPU
		{6BA91A72-3109-4561-94BD-095554CC2E50}.Release|Any CPU.Build.0 = Release|Any CPU
		{794D40E1-DEF6-4835-A510-4D6A3171C896}.Debug|Any CPU.ActiveCfg = Debug|Any CPU
		{794D40E1-DEF6-4835-A510-4D6A3171C896}.Debug|Any CPU.Build.0 = Debug|Any CPU
		{794D40E1-DEF6-4835-A510-4D6A3171C896}.Release|Any CPU.ActiveCfg = Release|Any CPU
		{794D40E1-DEF6-4835-A510-4D6A3171C896}.Release|Any CPU.Build.0 = Release|Any CPU
		{4BF429F5-0AC9-401F-9EE7-71D94E39E549}.Debug|Any CPU.ActiveCfg = Debug|Any CPU
		{4BF429F5-0AC9-401F-9EE7-71D94E39E549}.Debug|Any CPU.Build.0 = Debug|Any CPU
		{4BF429F5-0AC9-401F-9EE7-71D94E39E549}.Release|Any CPU.ActiveCfg = Release|Any CPU
		{4BF429F5-0AC9-401F-9EE7-71D94E39E549}.Release|Any CPU.Build.0 = Release|Any CPU
	EndGlobalSection
	GlobalSection(SolutionProperties) = preSolution
		HideSolutionNode = FALSE
	EndGlobalSection
	GlobalSection(ExtensibilityGlobals) = postSolution
		SolutionGuid = {A031A420-D1C4-4D09-9309-72D21781E121}
	EndGlobalSection
EndGlobal
